
Microsoft Visual Studio Solution File, Format Version 12.00
# Visual Studio 15
VisualStudioVersion = 15.0.27703.2000
MinimumVisualStudioVersion = 10.0.40219.1
Project("{8BC9CEB8-8B4A-11D0-8D11-00A0C91BC942}") = "InCOrCPlusPlus", "HackerrankProblems\HackerrankProblems.vcxproj", "{1B1B3B05-97A1-4D25-993A-5BB6D0C3978B}"
EndProject
Project("{FAE04EC0-301F-11D3-BF4B-00C04F79EFBC}") = "InCSharp", "InCSharp\InCSharp.csproj", "{CE2A7D4C-BA61-4E41-BE3F-88C9D238E0F8}"
EndProject
Global
	GlobalSection(SolutionConfigurationPlatforms) = preSolution
		Debug|Any CPU = Debug|Any CPU
		Debug|x64 = Debug|x64
		Debug|x86 = Debug|x86
		Release|Any CPU = Release|Any CPU
		Release|x64 = Release|x64
		Release|x86 = Release|x86
	EndGlobalSection
	GlobalSection(ProjectConfigurationPlatforms) = postSolution
		{1B1B3B05-97A1-4D25-993A-5BB6D0C3978B}.Debug|Any CPU.ActiveCfg = Debug|Win32
		{1B1B3B05-97A1-4D25-993A-5BB6D0C3978B}.Debug|x64.ActiveCfg = Debug|x64
		{1B1B3B05-97A1-4D25-993A-5BB6D0C3978B}.Debug|x64.Build.0 = Debug|x64
		{1B1B3B05-97A1-4D25-993A-5BB6D0C3978B}.Debug|x86.ActiveCfg = Debug|Win32
		{1B1B3B05-97A1-4D25-993A-5BB6D0C3978B}.Debug|x86.Build.0 = Debug|Win32
		{1B1B3B05-97A1-4D25-993A-5BB6D0C3978B}.Release|Any CPU.ActiveCfg = Release|Win32
		{1B1B3B05-97A1-4D25-993A-5BB6D0C3978B}.Release|x64.ActiveCfg = Release|x64
		{1B1B3B05-97A1-4D25-993A-5BB6D0C3978B}.Release|x64.Build.0 = Release|x64
		{1B1B3B05-97A1-4D25-993A-5BB6D0C3978B}.Release|x86.ActiveCfg = Release|Win32
		{1B1B3B05-97A1-4D25-993A-5BB6D0C3978B}.Release|x86.Build.0 = Release|Win32
		{CE2A7D4C-BA61-4E41-BE3F-88C9D238E0F8}.Debug|Any CPU.ActiveCfg = Debug|Any CPU
		{CE2A7D4C-BA61-4E41-BE3F-88C9D238E0F8}.Debug|Any CPU.Build.0 = Debug|Any CPU
		{CE2A7D4C-BA61-4E41-BE3F-88C9D238E0F8}.Debug|x64.ActiveCfg = Debug|Any CPU
		{CE2A7D4C-BA61-4E41-BE3F-88C9D238E0F8}.Debug|x64.Build.0 = Debug|Any CPU
		{CE2A7D4C-BA61-4E41-BE3F-88C9D238E0F8}.Debug|x86.ActiveCfg = Debug|Any CPU
		{CE2A7D4C-BA61-4E41-BE3F-88C9D238E0F8}.Debug|x86.Build.0 = Debug|Any CPU
		{CE2A7D4C-BA61-4E41-BE3F-88C9D238E0F8}.Release|Any CPU.ActiveCfg = Release|Any CPU
		{CE2A7D4C-BA61-4E41-BE3F-88C9D238E0F8}.Release|Any CPU.Build.0 = Release|Any CPU
		{CE2A7D4C-BA61-4E41-BE3F-88C9D238E0F8}.Release|x64.ActiveCfg = Release|Any CPU
		{CE2A7D4C-BA61-4E41-BE3F-88C9D238E0F8}.Release|x64.Build.0 = Release|Any CPU
		{CE2A7D4C-BA61-4E41-BE3F-88C9D238E0F8}.Release|x86.ActiveCfg = Release|Any CPU
		{CE2A7D4C-BA61-4E41-BE3F-88C9D238E0F8}.Release|x86.Build.0 = Release|Any CPU
	EndGlobalSection
	GlobalSection(SolutionProperties) = preSolution
		HideSolutionNode = FALSE
	EndGlobalSection
	GlobalSection(ExtensibilityGlobals) = postSolution
		SolutionGuid = {0B7CB219-2BDB-4967-BA31-7CBC313788A3}
	EndGlobalSection
EndGlobal
